
Microsoft Visual Studio Solution File, Format Version 12.00
# Visual Studio Version 17
VisualStudioVersion = 17.4.33403.182
MinimumVisualStudioVersion = 10.0.40219.1
Project("{FAE04EC0-301F-11D3-BF4B-00C04F79EFBC}") = "DepotDiary", "DepotDiary\DepotDiary.csproj", "{E779F00B-6A10-4D41-92BC-B99DFE89413C}"
EndProject
Global
	GlobalSection(SolutionConfigurationPlatforms) = preSolution
		Debug|Any CPU = Debug|Any CPU
		Release|Any CPU = Release|Any CPU
	EndGlobalSection
	GlobalSection(ProjectConfigurationPlatforms) = postSolution
		{E779F00B-6A10-4D41-92BC-B99DFE89413C}.Debug|Any CPU.ActiveCfg = Debug|Any CPU
		{E779F00B-6A10-4D41-92BC-B99DFE89413C}.Debug|Any CPU.Build.0 = Debug|Any CPU
		{E779F00B-6A10-4D41-92BC-B99DFE89413C}.Release|Any CPU.ActiveCfg = Release|Any CPU
		{E779F00B-6A10-4D41-92BC-B99DFE89413C}.Release|Any CPU.Build.0 = Release|Any CPU
	EndGlobalSection
	GlobalSection(SolutionProperties) = preSolution
		HideSolutionNode = FALSE
	EndGlobalSection
	GlobalSection(ExtensibilityGlobals) = postSolution
		SolutionGuid = {76BBF6E1-3CB0-427B-8AB0-74DBE720F86C}
	EndGlobalSection
EndGlobal
